
Microsoft Visual Studio Solution File, Format Version 12.00
# Visual Studio Version 17
VisualStudioVersion = 17.0.31903.59
MinimumVisualStudioVersion = 10.0.40219.1
Project("{FAE04EC0-301F-11D3-BF4B-00C04F79EFBC}") = "Entities", "Entities\Entities.csproj", "{DE47ED3A-9A6F-42E4-8B96-DA649F97AC56}"
EndProject
Project("{FAE04EC0-301F-11D3-BF4B-00C04F79EFBC}") = "Business", "Business\Business.csproj", "{1B34F86A-9619-4CDB-A7A3-ECBF350731B8}"
EndProject
Project("{FAE04EC0-301F-11D3-BF4B-00C04F79EFBC}") = "DataAccess", "DataAccess\DataAccess.csproj", "{EDF2AB4B-4102-4118-8447-CD10D8AA93DA}"
EndProject
Project("{FAE04EC0-301F-11D3-BF4B-00C04F79EFBC}") = "ConsoleUI", "ConsoleUI\ConsoleUI.csproj", "{9A9F2849-524D-4E46-8AF7-9ECFF57D2A8C}"
EndProject
Global
	GlobalSection(SolutionConfigurationPlatforms) = preSolution
		Debug|Any CPU = Debug|Any CPU
		Debug|x64 = Debug|x64
		Debug|x86 = Debug|x86
		Release|Any CPU = Release|Any CPU
		Release|x64 = Release|x64
		Release|x86 = Release|x86
	EndGlobalSection
	GlobalSection(ProjectConfigurationPlatforms) = postSolution
		{DE47ED3A-9A6F-42E4-8B96-DA649F97AC56}.Debug|Any CPU.ActiveCfg = Debug|Any CPU
		{DE47ED3A-9A6F-42E4-8B96-DA649F97AC56}.Debug|Any CPU.Build.0 = Debug|Any CPU
		{DE47ED3A-9A6F-42E4-8B96-DA649F97AC56}.Debug|x64.ActiveCfg = Debug|Any CPU
		{DE47ED3A-9A6F-42E4-8B96-DA649F97AC56}.Debug|x64.Build.0 = Debug|Any CPU
		{DE47ED3A-9A6F-42E4-8B96-DA649F97AC56}.Debug|x86.ActiveCfg = Debug|Any CPU
		{DE47ED3A-9A6F-42E4-8B96-DA649F97AC56}.Debug|x86.Build.0 = Debug|Any CPU
		{DE47ED3A-9A6F-42E4-8B96-DA649F97AC56}.Release|Any CPU.ActiveCfg = Release|Any CPU
		{DE47ED3A-9A6F-42E4-8B96-DA649F97AC56}.Release|Any CPU.Build.0 = Release|Any CPU
		{DE47ED3A-9A6F-42E4-8B96-DA649F97AC56}.Release|x64.ActiveCfg = Release|Any CPU
		{DE47ED3A-9A6F-42E4-8B96-DA649F97AC56}.Release|x64.Build.0 = Release|Any CPU
		{DE47ED3A-9A6F-42E4-8B96-DA649F97AC56}.Release|x86.ActiveCfg = Release|Any CPU
		{DE47ED3A-9A6F-42E4-8B96-DA649F97AC56}.Release|x86.Build.0 = Release|Any CPU
		{1B34F86A-9619-4CDB-A7A3-ECBF350731B8}.Debug|Any CPU.ActiveCfg = Debug|Any CPU
		{1B34F86A-9619-4CDB-A7A3-ECBF350731B8}.Debug|Any CPU.Build.0 = Debug|Any CPU
		{1B34F86A-9619-4CDB-A7A3-ECBF350731B8}.Debug|x64.ActiveCfg = Debug|Any CPU
		{1B34F86A-9619-4CDB-A7A3-ECBF350731B8}.Debug|x64.Build.0 = Debug|Any CPU
		{1B34F86A-9619-4CDB-A7A3-ECBF350731B8}.Debug|x86.ActiveCfg = Debug|Any CPU
		{1B34F86A-9619-4CDB-A7A3-ECBF350731B8}.Debug|x86.Build.0 = Debug|Any CPU
		{1B34F86A-9619-4CDB-A7A3-ECBF350731B8}.Release|Any CPU.ActiveCfg = Release|Any CPU
		{1B34F86A-9619-4CDB-A7A3-ECBF350731B8}.Release|Any CPU.Build.0 = Release|Any CPU
		{1B34F86A-9619-4CDB-A7A3-ECBF350731B8}.Release|x64.ActiveCfg = Release|Any CPU
		{1B34F86A-9619-4CDB-A7A3-ECBF350731B8}.Release|x64.Build.0 = Release|Any CPU
		{1B34F86A-9619-4CDB-A7A3-ECBF350731B8}.Release|x86.ActiveCfg = Release|Any CPU
		{1B34F86A-9619-4CDB-A7A3-ECBF350731B8}.Release|x86.Build.0 = Release|Any CPU
		{EDF2AB4B-4102-4118-8447-CD10D8AA93DA}.Debug|Any CPU.ActiveCfg = Debug|Any CPU
		{EDF2AB4B-4102-4118-8447-CD10D8AA93DA}.Debug|Any CPU.Build.0 = Debug|Any CPU
		{EDF2AB4B-4102-4118-8447-CD10D8AA93DA}.Debug|x64.ActiveCfg = Debug|Any CPU
		{EDF2AB4B-4102-4118-8447-CD10D8AA93DA}.Debug|x64.Build.0 = Debug|Any CPU
		{EDF2AB4B-4102-4118-8447-CD10D8AA93DA}.Debug|x86.ActiveCfg = Debug|Any CPU
		{EDF2AB4B-4102-4118-8447-CD10D8AA93DA}.Debug|x86.Build.0 = Debug|Any CPU
		{EDF2AB4B-4102-4118-8447-CD10D8AA93DA}.Release|Any CPU.ActiveCfg = Release|Any CPU
		{EDF2AB4B-4102-4118-8447-CD10D8AA93DA}.Release|Any CPU.Build.0 = Release|Any CPU
		{EDF2AB4B-4102-4118-8447-CD10D8AA93DA}.Release|x64.ActiveCfg = Release|Any CPU
		{EDF2AB4B-4102-4118-8447-CD10D8AA93DA}.Release|x64.Build.0 = Release|Any CPU
		{EDF2AB4B-4102-4118-8447-CD10D8AA93DA}.Release|x86.ActiveCfg = Release|Any CPU
		{EDF2AB4B-4102-4118-8447-CD10D8AA93DA}.Release|x86.Build.0 = Release|Any CPU
		{9A9F2849-524D-4E46-8AF7-9ECFF57D2A8C}.Debug|Any CPU.ActiveCfg = Debug|Any CPU
		{9A9F2849-524D-4E46-8AF7-9ECFF57D2A8C}.Debug|Any CPU.Build.0 = Debug|Any CPU
		{9A9F2849-524D-4E46-8AF7-9ECFF57D2A8C}.Debug|x64.ActiveCfg = Debug|Any CPU
		{9A9F2849-524D-4E46-8AF7-9ECFF57D2A8C}.Debug|x64.Build.0 = Debug|Any CPU
		{9A9F2849-524D-4E46-8AF7-9ECFF57D2A8C}.Debug|x86.ActiveCfg = Debug|Any CPU
		{9A9F2849-524D-4E46-8AF7-9ECFF57D2A8C}.Debug|x86.Build.0 = Debug|Any CPU
		{9A9F2849-524D-4E46-8AF7-9ECFF57D2A8C}.Release|Any CPU.ActiveCfg = Release|Any CPU
		{9A9F2849-524D-4E46-8AF7-9ECFF57D2A8C}.Release|Any CPU.Build.0 = Release|Any CPU
		{9A9F2849-524D-4E46-8AF7-9ECFF57D2A8C}.Release|x64.ActiveCfg = Release|Any CPU
		{9A9F2849-524D-4E46-8AF7-9ECFF57D2A8C}.Release|x64.Build.0 = Release|Any CPU
		{9A9F2849-524D-4E46-8AF7-9ECFF57D2A8C}.Release|x86.ActiveCfg = Release|Any CPU
		{9A9F2849-524D-4E46-8AF7-9ECFF57D2A8C}.Release|x86.Build.0 = Release|Any CPU
	EndGlobalSection
	GlobalSection(SolutionProperties) = preSolution
		HideSolutionNode = FALSE
	EndGlobalSection
EndGlobal
